
Microsoft Visual Studio Solution File, Format Version 12.00
# Visual Studio Version 17
VisualStudioVersion = 17.5.33516.290
MinimumVisualStudioVersion = 10.0.40219.1
Project("{FAE04EC0-301F-11D3-BF4B-00C04F79EFBC}") = "SocialMedia_app", "SocialMedia_app\SocialMedia_app.csproj", "{DD674ED5-161E-4782-AC5F-EF9728F1312A}"
EndProject
Global
	GlobalSection(SolutionConfigurationPlatforms) = preSolution
		Debug|Any CPU = Debug|Any CPU
		Release|Any CPU = Release|Any CPU
	EndGlobalSection
	GlobalSection(ProjectConfigurationPlatforms) = postSolution
		{DD674ED5-161E-4782-AC5F-EF9728F1312A}.Debug|Any CPU.ActiveCfg = Debug|Any CPU
		{DD674ED5-161E-4782-AC5F-EF9728F1312A}.Debug|Any CPU.Build.0 = Debug|Any CPU
		{DD674ED5-161E-4782-AC5F-EF9728F1312A}.Release|Any CPU.ActiveCfg = Release|Any CPU
		{DD674ED5-161E-4782-AC5F-EF9728F1312A}.Release|Any CPU.Build.0 = Release|Any CPU
	EndGlobalSection
	GlobalSection(SolutionProperties) = preSolution
		HideSolutionNode = FALSE
	EndGlobalSection
	GlobalSection(ExtensibilityGlobals) = postSolution
		SolutionGuid = {2F6039B1-C1B1-4A60-8387-B45364FE3091}
	EndGlobalSection
EndGlobal
